
Microsoft Visual Studio Solution File, Format Version 12.00
# Visual Studio Version 16
VisualStudioVersion = 16.0.29102.190
MinimumVisualStudioVersion = 10.0.40219.1
Project("{9A19103F-16F7-4668-BE54-9A1E7A4F7556}") = "WebApp.Web", "WebApp.Web\WebApp.Web.csproj", "{3871A225-85E7-4AFB-8BF0-460F4CA5BFFB}"
EndProject
Project("{9A19103F-16F7-4668-BE54-9A1E7A4F7556}") = "WebApp.Data", "WebApp.Data\WebApp.Data.csproj", "{2C24582C-D890-4F41-8B0D-0B5B635AAB46}"
EndProject
Project("{9A19103F-16F7-4668-BE54-9A1E7A4F7556}") = "WebApp.Domain", "WebApp.Domain\WebApp.Domain.csproj", "{37A12785-4EF9-474A-99AC-90C625038600}"
EndProject
Project("{9A19103F-16F7-4668-BE54-9A1E7A4F7556}") = "WebApp.Services", "WebApp.Services\WebApp.Services.csproj", "{06DBDC04-66B7-42E9-AD93-E1F3549EBF44}"
EndProject
Global
	GlobalSection(SolutionConfigurationPlatforms) = preSolution
		Debug|Any CPU = Debug|Any CPU
		Release|Any CPU = Release|Any CPU
	EndGlobalSection
	GlobalSection(ProjectConfigurationPlatforms) = postSolution
		{3871A225-85E7-4AFB-8BF0-460F4CA5BFFB}.Debug|Any CPU.ActiveCfg = Debug|Any CPU
		{3871A225-85E7-4AFB-8BF0-460F4CA5BFFB}.Debug|Any CPU.Build.0 = Debug|Any CPU
		{3871A225-85E7-4AFB-8BF0-460F4CA5BFFB}.Release|Any CPU.ActiveCfg = Release|Any CPU
		{3871A225-85E7-4AFB-8BF0-460F4CA5BFFB}.Release|Any CPU.Build.0 = Release|Any CPU
		{2C24582C-D890-4F41-8B0D-0B5B635AAB46}.Debug|Any CPU.ActiveCfg = Debug|Any CPU
		{2C24582C-D890-4F41-8B0D-0B5B635AAB46}.Debug|Any CPU.Build.0 = Debug|Any CPU
		{2C24582C-D890-4F41-8B0D-0B5B635AAB46}.Release|Any CPU.ActiveCfg = Release|Any CPU
		{2C24582C-D890-4F41-8B0D-0B5B635AAB46}.Release|Any CPU.Build.0 = Release|Any CPU
		{37A12785-4EF9-474A-99AC-90C625038600}.Debug|Any CPU.ActiveCfg = Debug|Any CPU
		{37A12785-4EF9-474A-99AC-90C625038600}.Debug|Any CPU.Build.0 = Debug|Any CPU
		{37A12785-4EF9-474A-99AC-90C625038600}.Release|Any CPU.ActiveCfg = Release|Any CPU
		{37A12785-4EF9-474A-99AC-90C625038600}.Release|Any CPU.Build.0 = Release|Any CPU
		{06DBDC04-66B7-42E9-AD93-E1F3549EBF44}.Debug|Any CPU.ActiveCfg = Debug|Any CPU
		{06DBDC04-66B7-42E9-AD93-E1F3549EBF44}.Debug|Any CPU.Build.0 = Debug|Any CPU
		{06DBDC04-66B7-42E9-AD93-E1F3549EBF44}.Release|Any CPU.ActiveCfg = Release|Any CPU
		{06DBDC04-66B7-42E9-AD93-E1F3549EBF44}.Release|Any CPU.Build.0 = Release|Any CPU
	EndGlobalSection
	GlobalSection(SolutionProperties) = preSolution
		HideSolutionNode = FALSE
	EndGlobalSection
	GlobalSection(ExtensibilityGlobals) = postSolution
		SolutionGuid = {C574BF7B-B145-4D61-874C-93C2E7D6AFB2}
	EndGlobalSection
EndGlobal
